
Microsoft Visual Studio Solution File, Format Version 12.00
# Visual Studio 2013
VisualStudioVersion = 12.0.31101.0
MinimumVisualStudioVersion = 10.0.40219.1
Project("{E24C65DC-7377-472B-9ABA-BC803B73C61A}") = "raucuquahcq_source", "http://localhost:50261", "{C44EDC31-65B2-47E6-A42C-96B96F63CD0D}"
	ProjectSection(WebsiteProperties) = preProject
		UseIISExpress = "true"
		TargetFrameworkMoniker = ".NETFramework,Version%3Dv3.5"
		Debug.AspNetCompiler.VirtualPath = "/localhost_50261"
		Debug.AspNetCompiler.PhysicalPath = "raucuquahcq_source\"
		Debug.AspNetCompiler.TargetPath = "PrecompiledWeb\localhost_50261\"
		Debug.AspNetCompiler.Updateable = "true"
		Debug.AspNetCompiler.ForceOverwrite = "true"
		Debug.AspNetCompiler.FixedNames = "false"
		Debug.AspNetCompiler.Debug = "True"
		Release.AspNetCompiler.VirtualPath = "/localhost_50261"
		Release.AspNetCompiler.PhysicalPath = "raucuquahcq_source\"
		Release.AspNetCompiler.TargetPath = "PrecompiledWeb\localhost_50261\"
		Release.AspNetCompiler.Updateable = "true"
		Release.AspNetCompiler.ForceOverwrite = "true"
		Release.AspNetCompiler.FixedNames = "false"
		Release.AspNetCompiler.Debug = "False"
		SlnRelativePath = "raucuquahcq_source\"
	EndProjectSection
EndProject
Global
	GlobalSection(SolutionConfigurationPlatforms) = preSolution
		Debug|Any CPU = Debug|Any CPU
	EndGlobalSection
	GlobalSection(ProjectConfigurationPlatforms) = postSolution
		{C44EDC31-65B2-47E6-A42C-96B96F63CD0D}.Debug|Any CPU.ActiveCfg = Debug|Any CPU
		{C44EDC31-65B2-47E6-A42C-96B96F63CD0D}.Debug|Any CPU.Build.0 = Debug|Any CPU
	EndGlobalSection
	GlobalSection(SolutionProperties) = preSolution
		HideSolutionNode = FALSE
	EndGlobalSection
EndGlobal
